
Microsoft Visual Studio Solution File, Format Version 12.00
# Visual Studio 15
VisualStudioVersion = 15.0.28307.136
MinimumVisualStudioVersion = 10.0.40219.1
Project("{FAE04EC0-301F-11D3-BF4B-00C04F79EFBC}") = "SecureDataProtectOrPasswordProtect", "SecureDataProtectOrPasswordProtect\SecureDataProtectOrPasswordProtect.csproj", "{29C17635-1DC6-4447-A1E4-D9198D5B7703}"
EndProject
Global
	GlobalSection(SolutionConfigurationPlatforms) = preSolution
		Debug|Any CPU = Debug|Any CPU
		Release|Any CPU = Release|Any CPU
	EndGlobalSection
	GlobalSection(ProjectConfigurationPlatforms) = postSolution
		{29C17635-1DC6-4447-A1E4-D9198D5B7703}.Debug|Any CPU.ActiveCfg = Debug|Any CPU
		{29C17635-1DC6-4447-A1E4-D9198D5B7703}.Debug|Any CPU.Build.0 = Debug|Any CPU
		{29C17635-1DC6-4447-A1E4-D9198D5B7703}.Release|Any CPU.ActiveCfg = Release|Any CPU
		{29C17635-1DC6-4447-A1E4-D9198D5B7703}.Release|Any CPU.Build.0 = Release|Any CPU
	EndGlobalSection
	GlobalSection(SolutionProperties) = preSolution
		HideSolutionNode = FALSE
	EndGlobalSection
	GlobalSection(ExtensibilityGlobals) = postSolution
		SolutionGuid = {7073430E-78E7-4AB0-960C-23F2BBA2BCE9}
	EndGlobalSection
EndGlobal
